
Microsoft Visual Studio Solution File, Format Version 12.00
Project("{FAE04EC0-301F-11D3-BF4B-00C04F79EFBC}") = "NemoForcedAlignerWithOnnxRuntime", "NemoForcedAlignerWithOnnxRuntime\NemoForcedAlignerWithOnnxRuntime.csproj", "{54352875-8874-42D9-A4C2-8C1EE0373668}"
EndProject
Global
	GlobalSection(SolutionConfigurationPlatforms) = preSolution
		Debug|Any CPU = Debug|Any CPU
		Release|Any CPU = Release|Any CPU
	EndGlobalSection
	GlobalSection(ProjectConfigurationPlatforms) = postSolution
		{54352875-8874-42D9-A4C2-8C1EE0373668}.Debug|Any CPU.ActiveCfg = Debug|Any CPU
		{54352875-8874-42D9-A4C2-8C1EE0373668}.Debug|Any CPU.Build.0 = Debug|Any CPU
		{54352875-8874-42D9-A4C2-8C1EE0373668}.Release|Any CPU.ActiveCfg = Release|Any CPU
		{54352875-8874-42D9-A4C2-8C1EE0373668}.Release|Any CPU.Build.0 = Release|Any CPU
	EndGlobalSection
EndGlobal
